
Microsoft Visual Studio Solution File, Format Version 12.00
# Visual Studio Version 17
VisualStudioVersion = 17.0.32112.339
MinimumVisualStudioVersion = 10.0.40219.1
Project("{2150E333-8FDC-42A3-9474-1A3956D46DE8}") = "src", "src", "{DDCF4045-EFDB-4E52-AD9A-F399C18358A5}"
EndProject
Project("{2150E333-8FDC-42A3-9474-1A3956D46DE8}") = "tests", "tests", "{C669D1A6-1276-42B8-9067-E99A7AAD9A82}"
EndProject
Project("{9A19103F-16F7-4668-BE54-9A1E7A4F7556}") = "ASTMA.Domain", "ASTMA.Domain\ASTMA.Domain.csproj", "{4161F761-CEE8-47C3-9465-8CEC1054F8FC}"
EndProject
Project("{9A19103F-16F7-4668-BE54-9A1E7A4F7556}") = "ASTMA.Application", "ASTMA.Application\ASTMA.Application.csproj", "{D716C08C-9731-433D-9BD7-7A79C8E7055F}"
EndProject
Project("{9A19103F-16F7-4668-BE54-9A1E7A4F7556}") = "ASTMA.Infrastructure", "ASTMA.Infrastructure\ASTMA.Infrastructure.csproj", "{A7B89A5B-D2FD-4AFA-959E-A8A68CF46BCB}"
EndProject
Project("{9A19103F-16F7-4668-BE54-9A1E7A4F7556}") = "ASTMA.WebUI", "ASTMA.WebAPI\ASTMA.WebUI.csproj", "{AD4C2BFD-8E33-4183-BF72-A610B18C582A}"
EndProject
Project("{9A19103F-16F7-4668-BE54-9A1E7A4F7556}") = "ASTMA.Tests.Common", "ASTMA.Tests.Common\ASTMA.Tests.Common.csproj", "{F947B4D2-4BA3-4A2F-A6C6-4386A0F5DCBB}"
EndProject
Project("{9A19103F-16F7-4668-BE54-9A1E7A4F7556}") = "ASTMA.Tests.Unit.Domain", "ASTMA.Tests.Unit.Domain\ASTMA.Tests.Unit.Domain.csproj", "{85C4639C-58BD-4D3D-AEB9-6EAE36AA0D2E}"
EndProject
Project("{9A19103F-16F7-4668-BE54-9A1E7A4F7556}") = "ASTMA.Tests.Integration.Application", "ASTMA.Tests.Integration.Application\ASTMA.Tests.Integration.Application.csproj", "{1FBA2B59-21CB-4AF8-BB4A-330BE929ED97}"
EndProject
Project("{9A19103F-16F7-4668-BE54-9A1E7A4F7556}") = "ASTMA.Tests.Acceptance.WebUI", "ASTMA.Tests.Acceptance.WebUI\ASTMA.Tests.Acceptance.WebUI.csproj", "{83959C46-C9CB-4572-B4A6-335F70A96596}"
EndProject
Project("{9A19103F-16F7-4668-BE54-9A1E7A4F7556}") = "ASTMA.Tests.Unit.Application", "ASTMA.Tests.Unit.Application\ASTMA.Tests.Unit.Application.csproj", "{744B7A77-457D-41BB-AD93-62A904C859B1}"
EndProject
Project("{FAE04EC0-301F-11D3-BF4B-00C04F79EFBC}") = "ASTMA.Tests.Unit.Infrastructure", "ASTMA.Tests.Unit.Infrastructure\ASTMA.Tests.Unit.Infrastructure.csproj", "{E78A5E1D-E3C9-44E4-8725-BBFA32925CB1}"
EndProject
Global
	GlobalSection(SolutionConfigurationPlatforms) = preSolution
		Debug|Any CPU = Debug|Any CPU
		Release|Any CPU = Release|Any CPU
	EndGlobalSection
	GlobalSection(ProjectConfigurationPlatforms) = postSolution
		{4161F761-CEE8-47C3-9465-8CEC1054F8FC}.Debug|Any CPU.ActiveCfg = Debug|Any CPU
		{4161F761-CEE8-47C3-9465-8CEC1054F8FC}.Debug|Any CPU.Build.0 = Debug|Any CPU
		{4161F761-CEE8-47C3-9465-8CEC1054F8FC}.Release|Any CPU.ActiveCfg = Release|Any CPU
		{4161F761-CEE8-47C3-9465-8CEC1054F8FC}.Release|Any CPU.Build.0 = Release|Any CPU
		{D716C08C-9731-433D-9BD7-7A79C8E7055F}.Debug|Any CPU.ActiveCfg = Debug|Any CPU
		{D716C08C-9731-433D-9BD7-7A79C8E7055F}.Debug|Any CPU.Build.0 = Debug|Any CPU
		{D716C08C-9731-433D-9BD7-7A79C8E7055F}.Release|Any CPU.ActiveCfg = Release|Any CPU
		{D716C08C-9731-433D-9BD7-7A79C8E7055F}.Release|Any CPU.Build.0 = Release|Any CPU
		{A7B89A5B-D2FD-4AFA-959E-A8A68CF46BCB}.Debug|Any CPU.ActiveCfg = Debug|Any CPU
		{A7B89A5B-D2FD-4AFA-959E-A8A68CF46BCB}.Debug|Any CPU.Build.0 = Debug|Any CPU
		{A7B89A5B-D2FD-4AFA-959E-A8A68CF46BCB}.Release|Any CPU.ActiveCfg = Release|Any CPU
		{A7B89A5B-D2FD-4AFA-959E-A8A68CF46BCB}.Release|Any CPU.Build.0 = Release|Any CPU
		{AD4C2BFD-8E33-4183-BF72-A610B18C582A}.Debug|Any CPU.ActiveCfg = Debug|Any CPU
		{AD4C2BFD-8E33-4183-BF72-A610B18C582A}.Debug|Any CPU.Build.0 = Debug|Any CPU
		{AD4C2BFD-8E33-4183-BF72-A610B18C582A}.Release|Any CPU.ActiveCfg = Release|Any CPU
		{AD4C2BFD-8E33-4183-BF72-A610B18C582A}.Release|Any CPU.Build.0 = Release|Any CPU
		{F947B4D2-4BA3-4A2F-A6C6-4386A0F5DCBB}.Debug|Any CPU.ActiveCfg = Debug|Any CPU
		{F947B4D2-4BA3-4A2F-A6C6-4386A0F5DCBB}.Debug|Any CPU.Build.0 = Debug|Any CPU
		{F947B4D2-4BA3-4A2F-A6C6-4386A0F5DCBB}.Release|Any CPU.ActiveCfg = Release|Any CPU
		{F947B4D2-4BA3-4A2F-A6C6-4386A0F5DCBB}.Release|Any CPU.Build.0 = Release|Any CPU
		{85C4639C-58BD-4D3D-AEB9-6EAE36AA0D2E}.Debug|Any CPU.ActiveCfg = Debug|Any CPU
		{85C4639C-58BD-4D3D-AEB9-6EAE36AA0D2E}.Debug|Any CPU.Build.0 = Debug|Any CPU
		{85C4639C-58BD-4D3D-AEB9-6EAE36AA0D2E}.Release|Any CPU.ActiveCfg = Release|Any CPU
		{85C4639C-58BD-4D3D-AEB9-6EAE36AA0D2E}.Release|Any CPU.Build.0 = Release|Any CPU
		{1FBA2B59-21CB-4AF8-BB4A-330BE929ED97}.Debug|Any CPU.ActiveCfg = Debug|Any CPU
		{1FBA2B59-21CB-4AF8-BB4A-330BE929ED97}.Debug|Any CPU.Build.0 = Debug|Any CPU
		{1FBA2B59-21CB-4AF8-BB4A-330BE929ED97}.Release|Any CPU.ActiveCfg = Release|Any CPU
		{1FBA2B59-21CB-4AF8-BB4A-330BE929ED97}.Release|Any CPU.Build.0 = Release|Any CPU
		{83959C46-C9CB-4572-B4A6-335F70A96596}.Debug|Any CPU.ActiveCfg = Debug|Any CPU
		{83959C46-C9CB-4572-B4A6-335F70A96596}.Debug|Any CPU.Build.0 = Debug|Any CPU
		{83959C46-C9CB-4572-B4A6-335F70A96596}.Release|Any CPU.ActiveCfg = Release|Any CPU
		{83959C46-C9CB-4572-B4A6-335F70A96596}.Release|Any CPU.Build.0 = Release|Any CPU
		{744B7A77-457D-41BB-AD93-62A904C859B1}.Debug|Any CPU.ActiveCfg = Debug|Any CPU
		{744B7A77-457D-41BB-AD93-62A904C859B1}.Debug|Any CPU.Build.0 = Debug|Any CPU
		{744B7A77-457D-41BB-AD93-62A904C859B1}.Release|Any CPU.ActiveCfg = Release|Any CPU
		{744B7A77-457D-41BB-AD93-62A904C859B1}.Release|Any CPU.Build.0 = Release|Any CPU
		{E78A5E1D-E3C9-44E4-8725-BBFA32925CB1}.Debug|Any CPU.ActiveCfg = Debug|Any CPU
		{E78A5E1D-E3C9-44E4-8725-BBFA32925CB1}.Debug|Any CPU.Build.0 = Debug|Any CPU
		{E78A5E1D-E3C9-44E4-8725-BBFA32925CB1}.Release|Any CPU.ActiveCfg = Release|Any CPU
		{E78A5E1D-E3C9-44E4-8725-BBFA32925CB1}.Release|Any CPU.Build.0 = Release|Any CPU
	EndGlobalSection
	GlobalSection(SolutionProperties) = preSolution
		HideSolutionNode = FALSE
	EndGlobalSection
	GlobalSection(NestedProjects) = preSolution
		{4161F761-CEE8-47C3-9465-8CEC1054F8FC} = {DDCF4045-EFDB-4E52-AD9A-F399C18358A5}
		{D716C08C-9731-433D-9BD7-7A79C8E7055F} = {DDCF4045-EFDB-4E52-AD9A-F399C18358A5}
		{A7B89A5B-D2FD-4AFA-959E-A8A68CF46BCB} = {DDCF4045-EFDB-4E52-AD9A-F399C18358A5}
		{AD4C2BFD-8E33-4183-BF72-A610B18C582A} = {DDCF4045-EFDB-4E52-AD9A-F399C18358A5}
		{F947B4D2-4BA3-4A2F-A6C6-4386A0F5DCBB} = {C669D1A6-1276-42B8-9067-E99A7AAD9A82}
		{85C4639C-58BD-4D3D-AEB9-6EAE36AA0D2E} = {C669D1A6-1276-42B8-9067-E99A7AAD9A82}
		{1FBA2B59-21CB-4AF8-BB4A-330BE929ED97} = {C669D1A6-1276-42B8-9067-E99A7AAD9A82}
		{83959C46-C9CB-4572-B4A6-335F70A96596} = {C669D1A6-1276-42B8-9067-E99A7AAD9A82}
		{744B7A77-457D-41BB-AD93-62A904C859B1} = {C669D1A6-1276-42B8-9067-E99A7AAD9A82}
		{E78A5E1D-E3C9-44E4-8725-BBFA32925CB1} = {C669D1A6-1276-42B8-9067-E99A7AAD9A82}
	EndGlobalSection
	GlobalSection(ExtensibilityGlobals) = postSolution
		SolutionGuid = {4C9D3FC0-96BF-444E-A599-85861CF001FC}
	EndGlobalSection
EndGlobal
